
Microsoft Visual Studio Solution File, Format Version 12.00
# Visual Studio Version 17
VisualStudioVersion = 17.11.35327.3
MinimumVisualStudioVersion = 10.0.40219.1
Project("{FAE04EC0-301F-11D3-BF4B-00C04F79EFBC}") = "ServicioSocial", "ServicioSocial.csproj", "{5BAA884C-5B6F-48F7-A23C-2407AD31CD41}"
EndProject
Global
	GlobalSection(SolutionConfigurationPlatforms) = preSolution
		Debug|Any CPU = Debug|Any CPU
		Release|Any CPU = Release|Any CPU
	EndGlobalSection
	GlobalSection(ProjectConfigurationPlatforms) = postSolution
		{5BAA884C-5B6F-48F7-A23C-2407AD31CD41}.Debug|Any CPU.ActiveCfg = Debug|Any CPU
		{5BAA884C-5B6F-48F7-A23C-2407AD31CD41}.Debug|Any CPU.Build.0 = Debug|Any CPU
		{5BAA884C-5B6F-48F7-A23C-2407AD31CD41}.Release|Any CPU.ActiveCfg = Release|Any CPU
		{5BAA884C-5B6F-48F7-A23C-2407AD31CD41}.Release|Any CPU.Build.0 = Release|Any CPU
	EndGlobalSection
	GlobalSection(SolutionProperties) = preSolution
		HideSolutionNode = FALSE
	EndGlobalSection
	GlobalSection(ExtensibilityGlobals) = postSolution
		SolutionGuid = {F7DEC2DC-D929-4909-828C-C0E24BC8AA56}
	EndGlobalSection
EndGlobal
